// !$*UTF8*$!
{
	archiveVersion = 1;
	classes = {
	};
	objectVersion = 77;
	objects = {

/* Begin PBXContainerItemProxy section */
		FDAEB16D2DC6EEB90088C98B /* PBXContainerItemProxy */ = {
			isa = PBXContainerItemProxy;
			containerPortal = FDAEB1572DC6EEB70088C98B /* Project object */;
			proxyType = 1;
			remoteGlobalIDString = FDAEB15E2DC6EEB70088C98B;
			remoteInfo = Hitchhiker;
		};
		FDAEB1772DC6EEB90088C98B /* PBXContainerItemProxy */ = {
			isa = PBXContainerItemProxy;
			containerPortal = FDAEB1572DC6EEB70088C98B /* Project object */;
			proxyType = 1;
			remoteGlobalIDString = FDAEB15E2DC6EEB70088C98B;
			remoteInfo = Hitchhiker;
		};
/* End PBXContainerItemProxy section */

/* Begin PBXFileReference section */
		FDAEB15F2DC6EEB70088C98B /* Hitchhiker.app */ = {isa = PBXFileReference; explicitFileType = wrapper.application; includeInIndex = 0; path = Hitchhiker.app; sourceTree = BUILT_PRODUCTS_DIR; };
		FDAEB16C2DC6EEB90088C98B /* HitchhikerTests.xctest */ = {isa = PBXFileReference; explicitFileType = wrapper.cfbundle; includeInIndex = 0; path = HitchhikerTests.xctest; sourceTree = BUILT_PRODUCTS_DIR; };
		FDAEB1762DC6EEB90088C98B /* HitchhikerUITests.xctest */ = {isa = PBXFileReference; explicitFileType = wrapper.cfbundle; includeInIndex = 0; path = HitchhikerUITests.xctest; sourceTree = BUILT_PRODUCTS_DIR; };
/* End PBXFileReference section */

/* Begin PBXFileSystemSynchronizedRootGroup section */
		FDAEB1612DC6EEB70088C98B /* Hitchhiker */ = {
			isa = PBXFileSystemSynchronizedRootGroup;
			path = Hitchhiker;
			sourceTree = "<group>";
		};
		FDAEB16F2DC6EEB90088C98B /* HitchhikerTests */ = {
			isa = PBXFileSystemSynchronizedRootGroup;
			path = HitchhikerTests;
			sourceTree = "<group>";
		};
		FDAEB1792DC6EEB90088C98B /* HitchhikerUITests */ = {
			isa = PBXFileSystemSynchronizedRootGroup;
			path = HitchhikerUITests;
			sourceTree = "<group>";
		};
/* End PBXFileSystemSynchronizedRootGroup section */

/* Begin PBXFrameworksBuildPhase section */
		FDAEB15C2DC6EEB70088C98B /* Frameworks */ = {
			isa = PBXFrameworksBuildPhase;
			buildActionMask = 2147483647;
			files = (
			);
			runOnlyForDeploymentPostprocessing = 0;
		};
		FDAEB1692DC6EEB90088C98B /* Frameworks */ = {
			isa = PBXFrameworksBuildPhase;
			buildActionMask = 2147483647;
			files = (
			);
			runOnlyForDeploymentPostprocessing = 0;
		};
		FDAEB1732DC6EEB90088C98B /* Frameworks */ = {
			isa = PBXFrameworksBuildPhase;
			buildActionMask = 2147483647;
			files = (
			);
			runOnlyForDeploymentPostprocessing = 0;
		};
/* End PBXFrameworksBuildPhase section */

/* Begin PBXGroup section */
		FDAEB1562DC6EEB70088C98B = {
			isa = PBXGroup;
			children = (
				FDAEB1612DC6EEB70088C98B /* Hitchhiker */,
				FDAEB16F2DC6EEB90088C98B /* HitchhikerTests */,
				FDAEB1792DC6EEB90088C98B /* HitchhikerUITests */,
				FDAEB1602DC6EEB70088C98B /* Products */,
			);
			sourceTree = "<group>";
		};
		FDAEB1602DC6EEB70088C98B /* Products */ = {
			isa = PBXGroup;
			children = (
				FDAEB15F2DC6EEB70088C98B /* Hitchhiker.app */,
				FDAEB16C2DC6EEB90088C98B /* HitchhikerTests.xctest */,
				FDAEB1762DC6EEB90088C98B /* HitchhikerUITests.xctest */,
			);
			name = Products;
			sourceTree = "<group>";
		};
/* End PBXGroup section */

/* Begin PBXNativeTarget section */
		FDAEB15E2DC6EEB70088C98B /* Hitchhiker */ = {
			isa = PBXNativeTarget;
			buildConfigurationList = FDAEB1802DC6EEB90088C98B /* Build configuration list for PBXNativeTarget "Hitchhiker" */;
			buildPhases = (
				FDAEB15B2DC6EEB70088C98B /* Sources */,
				FDAEB15C2DC6EEB70088C98B /* Frameworks */,
				FDAEB15D2DC6EEB70088C98B /* Resources */,
			);
			buildRules = (
			);
			dependencies = (
			);
			fileSystemSynchronizedGroups = (
				FDAEB1612DC6EEB70088C98B /* Hitchhiker */,
			);
			name = Hitchhiker;
			packageProductDependencies = (
			);
			productName = Hitchhiker;
			productReference = FDAEB15F2DC6EEB70088C98B /* Hitchhiker.app */;
			productType = "com.apple.product-type.application";
		};
		FDAEB16B2DC6EEB90088C98B /* HitchhikerTests */ = {
			isa = PBXNativeTarget;
			buildConfigurationList = FDAEB1832DC6EEB90088C98B /* Build configuration list for PBXNativeTarget "HitchhikerTests" */;
			buildPhases = (
				FDAEB1682DC6EEB90088C98B /* Sources */,
				FDAEB1692DC6EEB90088C98B /* Frameworks */,
				FDAEB16A2DC6EEB90088C98B /* Resources */,
			);
			buildRules = (
			);
			dependencies = (
				FDAEB16E2DC6EEB90088C98B /* PBXTargetDependency */,
			);
			fileSystemSynchronizedGroups = (
				FDAEB16F2DC6EEB90088C98B /* HitchhikerTests */,
			);
			name = HitchhikerTests;
			packageProductDependencies = (
			);
			productName = HitchhikerTests;
			productReference = FDAEB16C2DC6EEB90088C98B /* HitchhikerTests.xctest */;
			productType = "com.apple.product-type.bundle.unit-test";
		};
		FDAEB1752DC6EEB90088C98B /* HitchhikerUITests */ = {
			isa = PBXNativeTarget;
			buildConfigurationList = FDAEB1862DC6EEB90088C98B /* Build configuration list for PBXNativeTarget "HitchhikerUITests" */;
			buildPhases = (
				FDAEB1722DC6EEB90088C98B /* Sources */,
				FDAEB1732DC6EEB90088C98B /* Frameworks */,
				FDAEB1742DC6EEB90088C98B /* Resources */,
			);
			buildRules = (
			);
			dependencies = (
				FDAEB1782DC6EEB90088C98B /* PBXTargetDependency */,
			);
			fileSystemSynchronizedGroups = (
				FDAEB1792DC6EEB90088C98B /* HitchhikerUITests */,
			);
			name = HitchhikerUITests;
			packageProductDependencies = (
			);
			productName = HitchhikerUITests;
			productReference = FDAEB1762DC6EEB90088C98B /* HitchhikerUITests.xctest */;
			productType = "com.apple.product-type.bundle.ui-testing";
		};
/* End PBXNativeTarget section */

/* Begin PBXProject section */
		FDAEB1572DC6EEB70088C98B /* Project object */ = {
			isa = PBXProject;
			attributes = {
				BuildIndependentTargetsInParallel = 1;
				LastSwiftUpdateCheck = 1630;
				LastUpgradeCheck = 1630;
				TargetAttributes = {
					FDAEB15E2DC6EEB70088C98B = {
						CreatedOnToolsVersion = 16.3;
					};
					FDAEB16B2DC6EEB90088C98B = {
						CreatedOnToolsVersion = 16.3;
						TestTargetID = FDAEB15E2DC6EEB70088C98B;
					};
					FDAEB1752DC6EEB90088C98B = {
						CreatedOnToolsVersion = 16.3;
						TestTargetID = FDAEB15E2DC6EEB70088C98B;
					};
				};
			};
			buildConfigurationList = FDAEB15A2DC6EEB70088C98B /* Build configuration list for PBXProject "Hitchhiker" */;
			developmentRegion = en;
			hasScannedForEncodings = 0;
			knownRegions = (
				en,
				Base,
			);
			mainGroup = FDAEB1562DC6EEB70088C98B;
			minimizedProjectReferenceProxies = 1;
			preferredProjectObjectVersion = 77;
			productRefGroup = FDAEB1602DC6EEB70088C98B /* Products */;
			projectDirPath = "";
			projectRoot = "";
			targets = (
				FDAEB15E2DC6EEB70088C98B /* Hitchhiker */,
				FDAEB16B2DC6EEB90088C98B /* HitchhikerTests */,
				FDAEB1752DC6EEB90088C98B /* HitchhikerUITests */,
			);
		};
/* End PBXProject section */

/* Begin PBXResourcesBuildPhase section */
		FDAEB15D2DC6EEB70088C98B /* Resources */ = {
			isa = PBXResourcesBuildPhase;
			buildActionMask = 2147483647;
			files = (
			);
			runOnlyForDeploymentPostprocessing = 0;
		};
		FDAEB16A2DC6EEB90088C98B /* Resources */ = {
			isa = PBXResourcesBuildPhase;
			buildActionMask = 2147483647;
			files = (
			);
			runOnlyForDeploymentPostprocessing = 0;
		};
		FDAEB1742DC6EEB90088C98B /* Resources */ = {
			isa = PBXResourcesBuildPhase;
			buildActionMask = 2147483647;
			files = (
			);
			runOnlyForDeploymentPostprocessing = 0;
		};
/* End PBXResourcesBuildPhase section */

/* Begin PBXSourcesBuildPhase section */
		FDAEB15B2DC6EEB70088C98B /* Sources */ = {
			isa = PBXSourcesBuildPhase;
			buildActionMask = 2147483647;
			files = (
			);
			runOnlyForDeploymentPostprocessing = 0;
		};
		FDAEB1682DC6EEB90088C98B /* Sources */ = {
			isa = PBXSourcesBuildPhase;
			buildActionMask = 2147483647;
			files = (
			);
			runOnlyForDeploymentPostprocessing = 0;
		};
		FDAEB1722DC6EEB90088C98B /* Sources */ = {
			isa = PBXSourcesBuildPhase;
			buildActionMask = 2147483647;
			files = (
			);
			runOnlyForDeploymentPostprocessing = 0;
		};
/* End PBXSourcesBuildPhase section */

/* Begin PBXTargetDependency section */
		FDAEB16E2DC6EEB90088C98B /* PBXTargetDependency */ = {
			isa = PBXTargetDependency;
			target = FDAEB15E2DC6EEB70088C98B /* Hitchhiker */;
			targetProxy = FDAEB16D2DC6EEB90088C98B /* PBXContainerItemProxy */;
		};
		FDAEB1782DC6EEB90088C98B /* PBXTargetDependency */ = {
			isa = PBXTargetDependency;
			target = FDAEB15E2DC6EEB70088C98B /* Hitchhiker */;
			targetProxy = FDAEB1772DC6EEB90088C98B /* PBXContainerItemProxy */;
		};
/* End PBXTargetDependency section */

/* Begin XCBuildConfiguration section */
		FDAEB17E2DC6EEB90088C98B /* Debug */ = {
			isa = XCBuildConfiguration;
			buildSettings = {
				ALWAYS_SEARCH_USER_PATHS = NO;
				ASSETCATALOG_COMPILER_GENERATE_SWIFT_ASSET_SYMBOL_EXTENSIONS = YES;
				CLANG_ANALYZER_NONNULL = YES;
				CLANG_ANALYZER_NUMBER_OBJECT_CONVERSION = YES_AGGRESSIVE;
				CLANG_CXX_LANGUAGE_STANDARD = "gnu++20";
				CLANG_ENABLE_MODULES = YES;
				CLANG_ENABLE_OBJC_ARC = YES;
				CLANG_ENABLE_OBJC_WEAK = YES;
				CLANG_WARN_BLOCK_CAPTURE_AUTORELEASING = YES;
				CLANG_WARN_BOOL_CONVERSION = YES;
				CLANG_WARN_COMMA = YES;
				CLANG_WARN_CONSTANT_CONVERSION = YES;
				CLANG_WARN_DEPRECATED_OBJC_IMPLEMENTATIONS = YES;
				CLANG_WARN_DIRECT_OBJC_ISA_USAGE = YES_ERROR;
				CLANG_WARN_DOCUMENTATION_COMMENTS = YES;
				CLANG_WARN_EMPTY_BODY = YES;
				CLANG_WARN_ENUM_CONVERSION = YES;
				CLANG_WARN_INFINITE_RECURSION = YES;
				CLANG_WARN_INT_CONVERSION = YES;
				CLANG_WARN_NON_LITERAL_NULL_CONVERSION = YES;
				CLANG_WARN_OBJC_IMPLICIT_RETAIN_SELF = YES;
				CLANG_WARN_OBJC_LITERAL_CONVERSION = YES;
				CLANG_WARN_OBJC_ROOT_CLASS = YES_ERROR;
				CLANG_WARN_QUOTED_INCLUDE_IN_FRAMEWORK_HEADER = YES;
				CLANG_WARN_RANGE_LOOP_ANALYSIS = YES;
				CLANG_WARN_STRICT_PROTOTYPES = YES;
				CLANG_WARN_SUSPICIOUS_MOVE = YES;
				CLANG_WARN_UNGUARDED_AVAILABILITY = YES_AGGRESSIVE;
				CLANG_WARN_UNREACHABLE_CODE = YES;
				CLANG_WARN__DUPLICATE_METHOD_MATCH = YES;
				COPY_PHASE_STRIP = NO;
				DEBUG_INFORMATION_FORMAT = dwarf;
				DEVELOPMENT_TEAM = 4F2WJ743MB;
				ENABLE_STRICT_OBJC_MSGSEND = YES;
				ENABLE_TESTABILITY = YES;
				ENABLE_USER_SCRIPT_SANDBOXING = YES;
				GCC_C_LANGUAGE_STANDARD = gnu17;
				GCC_DYNAMIC_NO_PIC = NO;
				GCC_NO_COMMON_BLOCKS = YES;
				GCC_OPTIMIZATION_LEVEL = 0;
				GCC_PREPROCESSOR_DEFINITIONS = (
					"DEBUG=1",
					"$(inherited)",
				);
				GCC_WARN_64_TO_32_BIT_CONVERSION = YES;
				GCC_WARN_ABOUT_RETURN_TYPE = YES_ERROR;
				GCC_WARN_UNDECLARED_SELECTOR = YES;
				GCC_WARN_UNINITIALIZED_AUTOS = YES_AGGRESSIVE;
				GCC_WARN_UNUSED_FUNCTION = YES;
				GCC_WARN_UNUSED_VARIABLE = YES;
				IPHONEOS_DEPLOYMENT_TARGET = 18.4;
				LOCALIZATION_PREFERS_STRING_CATALOGS = YES;
				MTL_ENABLE_DEBUG_INFO = INCLUDE_SOURCE;
				MTL_FAST_MATH = YES;
				ONLY_ACTIVE_ARCH = YES;
				SDKROOT = iphoneos;
				SWIFT_ACTIVE_COMPILATION_CONDITIONS = "DEBUG $(inherited)";
				SWIFT_OPTIMIZATION_LEVEL = "-Onone";
			};
			name = Debug;
		};
		FDAEB17F2DC6EEB90088C98B /* Release */ = {
			isa = XCBuildConfiguration;
			buildSettings = {
				ALWAYS_SEARCH_USER_PATHS = NO;
				ASSETCATALOG_COMPILER_GENERATE_SWIFT_ASSET_SYMBOL_EXTENSIONS = YES;
				CLANG_ANALYZER_NONNULL = YES;
				CLANG_ANALYZER_NUMBER_OBJECT_CONVERSION = YES_AGGRESSIVE;
				CLANG_CXX_LANGUAGE_STANDARD = "gnu++20";
				CLANG_ENABLE_MODULES = YES;
				CLANG_ENABLE_OBJC_ARC = YES;
				CLANG_ENABLE_OBJC_WEAK = YES;
				CLANG_WARN_BLOCK_CAPTURE_AUTORELEASING = YES;
				CLANG_WARN_BOOL_CONVERSION = YES;
				CLANG_WARN_COMMA = YES;
				CLANG_WARN_CONSTANT_CONVERSION = YES;
				CLANG_WARN_DEPRECATED_OBJC_IMPLEMENTATIONS = YES;
				CLANG_WARN_DIRECT_OBJC_ISA_USAGE = YES_ERROR;
				CLANG_WARN_DOCUMENTATION_COMMENTS = YES;
				CLANG_WARN_EMPTY_BODY = YES;
				CLANG_WARN_ENUM_CONVERSION = YES;
				CLANG_WARN_INFINITE_RECURSION = YES;
				CLANG_WARN_INT_CONVERSION = YES;
				CLANG_WARN_NON_LITERAL_NULL_CONVERSION = YES;
				CLANG_WARN_OBJC_IMPLICIT_RETAIN_SELF = YES;
				CLANG_WARN_OBJC_LITERAL_CONVERSION = YES;
				CLANG_WARN_OBJC_ROOT_CLASS = YES_ERROR;
				CLANG_WARN_QUOTED_INCLUDE_IN_FRAMEWORK_HEADER = YES;
				CLANG_WARN_RANGE_LOOP_ANALYSIS = YES;
				CLANG_WARN_STRICT_PROTOTYPES = YES;
				CLANG_WARN_SUSPICIOUS_MOVE = YES;
				CLANG_WARN_UNGUARDED_AVAILABILITY = YES_AGGRESSIVE;
				CLANG_WARN_UNREACHABLE_CODE = YES;
				CLANG_WARN__DUPLICATE_METHOD_MATCH = YES;
				COPY_PHASE_STRIP = NO;
				DEBUG_INFORMATION_FORMAT = "dwarf-with-dsym";
				DEVELOPMENT_TEAM = 4F2WJ743MB;
				ENABLE_NS_ASSERTIONS = NO;
				ENABLE_STRICT_OBJC_MSGSEND = YES;
				ENABLE_USER_SCRIPT_SANDBOXING = YES;
				GCC_C_LANGUAGE_STANDARD = gnu17;
				GCC_NO_COMMON_BLOCKS = YES;
				GCC_WARN_64_TO_32_BIT_CONVERSION = YES;
				GCC_WARN_ABOUT_RETURN_TYPE = YES_ERROR;
				GCC_WARN_UNDECLARED_SELECTOR = YES;
				GCC_WARN_UNINITIALIZED_AUTOS = YES_AGGRESSIVE;
				GCC_WARN_UNUSED_FUNCTION = YES;
				GCC_WARN_UNUSED_VARIABLE = YES;
				IPHONEOS_DEPLOYMENT_TARGET = 18.4;
				LOCALIZATION_PREFERS_STRING_CATALOGS = YES;
				MTL_ENABLE_DEBUG_INFO = NO;
				MTL_FAST_MATH = YES;
				SDKROOT = iphoneos;
				SWIFT_COMPILATION_MODE = wholemodule;
				VALIDATE_PRODUCT = YES;
			};
			name = Release;
		};
		FDAEB1812DC6EEB90088C98B /* Debug */ = {
			isa = XCBuildConfiguration;
			buildSettings = {
				ASSETCATALOG_COMPILER_APPICON_NAME = AppIcon;
				ASSETCATALOG_COMPILER_GLOBAL_ACCENT_COLOR_NAME = AccentColor;
				CODE_SIGN_STYLE = Automatic;
				CURRENT_PROJECT_VERSION = 1;
				DEVELOPMENT_TEAM = 4F2WJ743MB;
				ENABLE_PREVIEWS = YES;
				GENERATE_INFOPLIST_FILE = YES;
				INFOPLIST_KEY_UIApplicationSceneManifest_Generation = YES;
				INFOPLIST_KEY_UIApplicationSupportsIndirectInputEvents = YES;
				INFOPLIST_KEY_UILaunchScreen_Generation = YES;
				INFOPLIST_KEY_UISupportedInterfaceOrientations_iPad = "UIInterfaceOrientationPortrait UIInterfaceOrientationPortraitUpsideDown UIInterfaceOrientationLandscapeLeft UIInterfaceOrientationLandscapeRight";
				INFOPLIST_KEY_UISupportedInterfaceOrientations_iPhone = "UIInterfaceOrientationPortrait UIInterfaceOrientationLandscapeLeft UIInterfaceOrientationLandscapeRight";
				LD_RUNPATH_SEARCH_PATHS = (
					"$(inherited)",
					"@executable_path/Frameworks",
				);
				MARKETING_VERSION = 1.0;
				PRODUCT_BUNDLE_IDENTIFIER = ankurtraveller.Hitchhiker;
				PRODUCT_NAME = "$(TARGET_NAME)";
				SWIFT_EMIT_LOC_STRINGS = YES;
				SWIFT_VERSION = 5.0;
				TARGETED_DEVICE_FAMILY = "1,2";
			};
			name = Debug;
		};
		FDAEB1822DC6EEB90088C98B /* Release */ = {
			isa = XCBuildConfiguration;
			buildSettings = {
				ASSETCATALOG_COMPILER_APPICON_NAME = AppIcon;
				ASSETCATALOG_COMPILER_GLOBAL_ACCENT_COLOR_NAME = AccentColor;
				CODE_SIGN_STYLE = Automatic;
				CURRENT_PROJECT_VERSION = 1;
				DEVELOPMENT_TEAM = 4F2WJ743MB;
				ENABLE_PREVIEWS = YES;
				GENERATE_INFOPLIST_FILE = YES;
				INFOPLIST_KEY_UIApplicationSceneManifest_Generation = YES;
				INFOPLIST_KEY_UIApplicationSupportsIndirectInputEvents = YES;
				INFOPLIST_KEY_UILaunchScreen_Generation = YES;
				INFOPLIST_KEY_UISupportedInterfaceOrientations_iPad = "UIInterfaceOrientationPortrait UIInterfaceOrientationPortraitUpsideDown UIInterfaceOrientationLandscapeLeft UIInterfaceOrientationLandscapeRight";
				INFOPLIST_KEY_UISupportedInterfaceOrientations_iPhone = "UIInterfaceOrientationPortrait UIInterfaceOrientationLandscapeLeft UIInterfaceOrientationLandscapeRight";
				LD_RUNPATH_SEARCH_PATHS = (
					"$(inherited)",
					"@executable_path/Frameworks",
				);
				MARKETING_VERSION = 1.0;
				PRODUCT_BUNDLE_IDENTIFIER = ankurtraveller.Hitchhiker;
				PRODUCT_NAME = "$(TARGET_NAME)";
				SWIFT_EMIT_LOC_STRINGS = YES;
				SWIFT_VERSION = 5.0;
				TARGETED_DEVICE_FAMILY = "1,2";
			};
			name = Release;
		};
		FDAEB1842DC6EEB90088C98B /* Debug */ = {
			isa = XCBuildConfiguration;
			buildSettings = {
				BUNDLE_LOADER = "$(TEST_HOST)";
				CODE_SIGN_STYLE = Automatic;
				CURRENT_PROJECT_VERSION = 1;
				DEVELOPMENT_TEAM = 4F2WJ743MB;
				GENERATE_INFOPLIST_FILE = YES;
				IPHONEOS_DEPLOYMENT_TARGET = 18.4;
				MARKETING_VERSION = 1.0;
				PRODUCT_BUNDLE_IDENTIFIER = ankurtraveller.HitchhikerTests;
				PRODUCT_NAME = "$(TARGET_NAME)";
				SWIFT_EMIT_LOC_STRINGS = NO;
				SWIFT_VERSION = 5.0;
				TARGETED_DEVICE_FAMILY = "1,2";
				TEST_HOST = "$(BUILT_PRODUCTS_DIR)/Hitchhiker.app/$(BUNDLE_EXECUTABLE_FOLDER_PATH)/Hitchhiker";
			};
			name = Debug;
		};
		FDAEB1852DC6EEB90088C98B /* Release */ = {
			isa = XCBuildConfiguration;
			buildSettings = {
				BUNDLE_LOADER = "$(TEST_HOST)";
				CODE_SIGN_STYLE = Automatic;
				CURRENT_PROJECT_VERSION = 1;
				DEVELOPMENT_TEAM = 4F2WJ743MB;
				GENERATE_INFOPLIST_FILE = YES;
				IPHONEOS_DEPLOYMENT_TARGET = 18.4;
				MARKETING_VERSION = 1.0;
				PRODUCT_BUNDLE_IDENTIFIER = ankurtraveller.HitchhikerTests;
				PRODUCT_NAME = "$(TARGET_NAME)";
				SWIFT_EMIT_LOC_STRINGS = NO;
				SWIFT_VERSION = 5.0;
				TARGETED_DEVICE_FAMILY = "1,2";
				TEST_HOST = "$(BUILT_PRODUCTS_DIR)/Hitchhiker.app/$(BUNDLE_EXECUTABLE_FOLDER_PATH)/Hitchhiker";
			};
			name = Release;
		};
		FDAEB1872DC6EEB90088C98B /* Debug */ = {
			isa = XCBuildConfiguration;
			buildSettings = {
				CODE_SIGN_STYLE = Automatic;
				CURRENT_PROJECT_VERSION = 1;
				DEVELOPMENT_TEAM = 4F2WJ743MB;
				GENERATE_INFOPLIST_FILE = YES;
				MARKETING_VERSION = 1.0;
				PRODUCT_BUNDLE_IDENTIFIER = ankurtraveller.HitchhikerUITests;
				PRODUCT_NAME = "$(TARGET_NAME)";
				SWIFT_EMIT_LOC_STRINGS = NO;
				SWIFT_VERSION = 5.0;
				TARGETED_DEVICE_FAMILY = "1,2";
				TEST_TARGET_NAME = Hitchhiker;
			};
			name = Debug;
		};
		FDAEB1882DC6EEB90088C98B /* Release */ = {
			isa = XCBuildConfiguration;
			buildSettings = {
				CODE_SIGN_STYLE = Automatic;
				CURRENT_PROJECT_VERSION = 1;
				DEVELOPMENT_TEAM = 4F2WJ743MB;
				GENERATE_INFOPLIST_FILE = YES;
				MARKETING_VERSION = 1.0;
				PRODUCT_BUNDLE_IDENTIFIER = ankurtraveller.HitchhikerUITests;
				PRODUCT_NAME = "$(TARGET_NAME)";
				SWIFT_EMIT_LOC_STRINGS = NO;
				SWIFT_VERSION = 5.0;
				TARGETED_DEVICE_FAMILY = "1,2";
				TEST_TARGET_NAME = Hitchhiker;
			};
			name = Release;
		};
/* End XCBuildConfiguration section */

/* Begin XCConfigurationList section */
		FDAEB15A2DC6EEB70088C98B /* Build configuration list for PBXProject "Hitchhiker" */ = {
			isa = XCConfigurationList;
			buildConfigurations = (
				FDAEB17E2DC6EEB90088C98B /* Debug */,
				FDAEB17F2DC6EEB90088C98B /* Release */,
			);
			defaultConfigurationIsVisible = 0;
			defaultConfigurationName = Release;
		};
		FDAEB1802DC6EEB90088C98B /* Build configuration list for PBXNativeTarget "Hitchhiker" */ = {
			isa = XCConfigurationList;
			buildConfigurations = (
				FDAEB1812DC6EEB90088C98B /* Debug */,
				FDAEB1822DC6EEB90088C98B /* Release */,
			);
			defaultConfigurationIsVisible = 0;
			defaultConfigurationName = Release;
		};
		FDAEB1832DC6EEB90088C98B /* Build configuration list for PBXNativeTarget "HitchhikerTests" */ = {
			isa = XCConfigurationList;
			buildConfigurations = (
				FDAEB1842DC6EEB90088C98B /* Debug */,
				FDAEB1852DC6EEB90088C98B /* Release */,
			);
			defaultConfigurationIsVisible = 0;
			defaultConfigurationName = Release;
		};
		FDAEB1862DC6EEB90088C98B /* Build configuration list for PBXNativeTarget "HitchhikerUITests" */ = {
			isa = XCConfigurationList;
			buildConfigurations = (
				FDAEB1872DC6EEB90088C98B /* Debug */,
				FDAEB1882DC6EEB90088C98B /* Release */,
			);
			defaultConfigurationIsVisible = 0;
			defaultConfigurationName = Release;
		};
/* End XCConfigurationList section */
	};
	rootObject = FDAEB1572DC6EEB70088C98B /* Project object */;
}
